// !$*UTF8*$!
{
	archiveVersion = 1;
	classes = {
	};
	objectVersion = 46;
	objects = {

/* Begin PBXBuildFile section */
		FC73EEB6151B0FCF00521449 /* UIKit.framework in Frameworks */ = {isa = PBXBuildFile; fileRef = FC73EEB5151B0FCF00521449 /* UIKit.framework */; };
		FC73EEB8151B0FCF00521449 /* Foundation.framework in Frameworks */ = {isa = PBXBuildFile; fileRef = FC73EEB7151B0FCF00521449 /* Foundation.framework */; };
		FC73EEBA151B0FCF00521449 /* CoreGraphics.framework in Frameworks */ = {isa = PBXBuildFile; fileRef = FC73EEB9151B0FCF00521449 /* CoreGraphics.framework */; };
		FC73EEC0151B0FCF00521449 /* InfoPlist.strings in Resources */ = {isa = PBXBuildFile; fileRef = FC73EEBE151B0FCF00521449 /* InfoPlist.strings */; };
		FC73EEC2151B0FCF00521449 /* main.m in Sources */ = {isa = PBXBuildFile; fileRef = FC73EEC1151B0FCF00521449 /* main.m */; };
		FC73EEC6151B0FCF00521449 /* AppDelegate.m in Sources */ = {isa = PBXBuildFile; fileRef = FC73EEC5151B0FCF00521449 /* AppDelegate.m */; };
		FC73EEC9151B0FCF00521449 /* ViewController.m in Sources */ = {isa = PBXBuildFile; fileRef = FC73EEC8151B0FCF00521449 /* ViewController.m */; };
		FC73EECC151B0FD000521449 /* ViewController.xib in Resources */ = {isa = PBXBuildFile; fileRef = FC73EECA151B0FD000521449 /* ViewController.xib */; };
/* End PBXBuildFile section */

/* Begin PBXFileReference section */
		FC73EEB1151B0FCF00521449 /* TestBackup.app */ = {isa = PBXFileReference; explicitFileType = wrapper.application; includeInIndex = 0; path = TestBackup.app; sourceTree = BUILT_PRODUCTS_DIR; };
		FC73EEB5151B0FCF00521449 /* UIKit.framework */ = {isa = PBXFileReference; lastKnownFileType = wrapper.framework; name = UIKit.framework; path = System/Library/Frameworks/UIKit.framework; sourceTree = SDKROOT; };
		FC73EEB7151B0FCF00521449 /* Foundation.framework */ = {isa = PBXFileReference; lastKnownFileType = wrapper.framework; name = Foundation.framework; path = System/Library/Frameworks/Foundation.framework; sourceTree = SDKROOT; };
		FC73EEB9151B0FCF00521449 /* CoreGraphics.framework */ = {isa = PBXFileReference; lastKnownFileType = wrapper.framework; name = CoreGraphics.framework; path = System/Library/Frameworks/CoreGraphics.framework; sourceTree = SDKROOT; };
		FC73EEBD151B0FCF00521449 /* TestBackup-Info.plist */ = {isa = PBXFileReference; lastKnownFileType = text.plist.xml; path = "TestBackup-Info.plist"; sourceTree = "<group>"; };
		FC73EEBF151B0FCF00521449 /* en */ = {isa = PBXFileReference; lastKnownFileType = text.plist.strings; name = en; path = en.lproj/InfoPlist.strings; sourceTree = "<group>"; };
		FC73EEC1151B0FCF00521449 /* main.m */ = {isa = PBXFileReference; lastKnownFileType = sourcecode.c.objc; path = main.m; sourceTree = "<group>"; };
		FC73EEC3151B0FCF00521449 /* TestBackup-Prefix.pch */ = {isa = PBXFileReference; lastKnownFileType = sourcecode.c.h; path = "TestBackup-Prefix.pch"; sourceTree = "<group>"; };
		FC73EEC4151B0FCF00521449 /* AppDelegate.h */ = {isa = PBXFileReference; lastKnownFileType = sourcecode.c.h; path = AppDelegate.h; sourceTree = "<group>"; };
		FC73EEC5151B0FCF00521449 /* AppDelegate.m */ = {isa = PBXFileReference; lastKnownFileType = sourcecode.c.objc; path = AppDelegate.m; sourceTree = "<group>"; };
		FC73EEC7151B0FCF00521449 /* ViewController.h */ = {isa = PBXFileReference; lastKnownFileType = sourcecode.c.h; path = ViewController.h; sourceTree = "<group>"; };
		FC73EEC8151B0FCF00521449 /* ViewController.m */ = {isa = PBXFileReference; lastKnownFileType = sourcecode.c.objc; path = ViewController.m; sourceTree = "<group>"; };
		FC73EECB151B0FD000521449 /* en */ = {isa = PBXFileReference; lastKnownFileType = file.xib; name = en; path = en.lproj/ViewController.xib; sourceTree = "<group>"; };
/* End PBXFileReference section */

/* Begin PBXFrameworksBuildPhase section */
		FC73EEAE151B0FCF00521449 /* Frameworks */ = {
			isa = PBXFrameworksBuildPhase;
			buildActionMask = 2147483647;
			files = (
				FC73EEB6151B0FCF00521449 /* UIKit.framework in Frameworks */,
				FC73EEB8151B0FCF00521449 /* Foundation.framework in Frameworks */,
				FC73EEBA151B0FCF00521449 /* CoreGraphics.framework in Frameworks */,
			);
			runOnlyForDeploymentPostprocessing = 0;
		};
/* End PBXFrameworksBuildPhase section */

/* Begin PBXGroup section */
		FC73EEA6151B0FCE00521449 = {
			isa = PBXGroup;
			children = (
				FC73EEBB151B0FCF00521449 /* TestBackup */,
				FC73EEB4151B0FCF00521449 /* Frameworks */,
				FC73EEB2151B0FCF00521449 /* Products */,
			);
			sourceTree = "<group>";
		};
		FC73EEB2151B0FCF00521449 /* Products */ = {
			isa = PBXGroup;
			children = (
				FC73EEB1151B0FCF00521449 /* TestBackup.app */,
			);
			name = Products;
			sourceTree = "<group>";
		};
		FC73EEB4151B0FCF00521449 /* Frameworks */ = {
			isa = PBXGroup;
			children = (
				FC73EEB5151B0FCF00521449 /* UIKit.framework */,
				FC73EEB7151B0FCF00521449 /* Foundation.framework */,
				FC73EEB9151B0FCF00521449 /* CoreGraphics.framework */,
			);
			name = Frameworks;
			sourceTree = "<group>";
		};
		FC73EEBB151B0FCF00521449 /* TestBackup */ = {
			isa = PBXGroup;
			children = (
				FC73EEC4151B0FCF00521449 /* AppDelegate.h */,
				FC73EEC5151B0FCF00521449 /* AppDelegate.m */,
				FC73EEC7151B0FCF00521449 /* ViewController.h */,
				FC73EEC8151B0FCF00521449 /* ViewController.m */,
				FC73EECA151B0FD000521449 /* ViewController.xib */,
				FC73EEBC151B0FCF00521449 /* Supporting Files */,
			);
			path = TestBackup;
			sourceTree = "<group>";
		};
		FC73EEBC151B0FCF00521449 /* Supporting Files */ = {
			isa = PBXGroup;
			children = (
				FC73EEBD151B0FCF00521449 /* TestBackup-Info.plist */,
				FC73EEBE151B0FCF00521449 /* InfoPlist.strings */,
				FC73EEC1151B0FCF00521449 /* main.m */,
				FC73EEC3151B0FCF00521449 /* TestBackup-Prefix.pch */,
			);
			name = "Supporting Files";
			sourceTree = "<group>";
		};
/* End PBXGroup section */

/* Begin PBXNativeTarget section */
		FC73EEB0151B0FCF00521449 /* TestBackup */ = {
			isa = PBXNativeTarget;
			buildConfigurationList = FC73EECF151B0FD000521449 /* Build configuration list for PBXNativeTarget "TestBackup" */;
			buildPhases = (
				FC73EEAD151B0FCF00521449 /* Sources */,
				FC73EEAE151B0FCF00521449 /* Frameworks */,
				FC73EEAF151B0FCF00521449 /* Resources */,
			);
			buildRules = (
			);
			dependencies = (
			);
			name = TestBackup;
			productName = TestBackup;
			productReference = FC73EEB1151B0FCF00521449 /* TestBackup.app */;
			productType = "com.apple.product-type.application";
		};
/* End PBXNativeTarget section */

/* Begin PBXProject section */
		FC73EEA8151B0FCE00521449 /* Project object */ = {
			isa = PBXProject;
			attributes = {
				LastUpgradeCheck = 0420;
			};
			buildConfigurationList = FC73EEAB151B0FCE00521449 /* Build configuration list for PBXProject "TestBackup" */;
			compatibilityVersion = "Xcode 3.2";
			developmentRegion = English;
			hasScannedForEncodings = 0;
			knownRegions = (
				en,
			);
			mainGroup = FC73EEA6151B0FCE00521449;
			productRefGroup = FC73EEB2151B0FCF00521449 /* Products */;
			projectDirPath = "";
			projectRoot = "";
			targets = (
				FC73EEB0151B0FCF00521449 /* TestBackup */,
			);
		};
/* End PBXProject section */

/* Begin PBXResourcesBuildPhase section */
		FC73EEAF151B0FCF00521449 /* Resources */ = {
			isa = PBXResourcesBuildPhase;
			buildActionMask = 2147483647;
			files = (
				FC73EEC0151B0FCF00521449 /* InfoPlist.strings in Resources */,
				FC73EECC151B0FD000521449 /* ViewController.xib in Resources */,
			);
			runOnlyForDeploymentPostprocessing = 0;
		};
/* End PBXResourcesBuildPhase section */

/* Begin PBXSourcesBuildPhase section */
		FC73EEAD151B0FCF00521449 /* Sources */ = {
			isa = PBXSourcesBuildPhase;
			buildActionMask = 2147483647;
			files = (
				FC73EEC2151B0FCF00521449 /* main.m in Sources */,
				FC73EEC6151B0FCF00521449 /* AppDelegate.m in Sources */,
				FC73EEC9151B0FCF00521449 /* ViewController.m in Sources */,
			);
			runOnlyForDeploymentPostprocessing = 0;
		};
/* End PBXSourcesBuildPhase section */

/* Begin PBXVariantGroup section */
		FC73EEBE151B0FCF00521449 /* InfoPlist.strings */ = {
			isa = PBXVariantGroup;
			children = (
				FC73EEBF151B0FCF00521449 /* en */,
			);
			name = InfoPlist.strings;
			sourceTree = "<group>";
		};
		FC73EECA151B0FD000521449 /* ViewController.xib */ = {
			isa = PBXVariantGroup;
			children = (
				FC73EECB151B0FD000521449 /* en */,
			);
			name = ViewController.xib;
			sourceTree = "<group>";
		};
/* End PBXVariantGroup section */

/* Begin XCBuildConfiguration section */
		FC73EECD151B0FD000521449 /* Debug */ = {
			isa = XCBuildConfiguration;
			buildSettings = {
				ALWAYS_SEARCH_USER_PATHS = NO;
				ARCHS = "$(ARCHS_STANDARD_32_BIT)";
				CLANG_ENABLE_OBJC_ARC = YES;
				"CODE_SIGN_IDENTITY[sdk=iphoneos*]" = "iPhone Developer";
				COPY_PHASE_STRIP = NO;
				GCC_C_LANGUAGE_STANDARD = gnu99;
				GCC_DYNAMIC_NO_PIC = NO;
				GCC_OPTIMIZATION_LEVEL = 0;
				GCC_PREPROCESSOR_DEFINITIONS = (
					"DEBUG=1",
					"$(inherited)",
				);
				GCC_SYMBOLS_PRIVATE_EXTERN = NO;
				GCC_VERSION = com.apple.compilers.llvm.clang.1_0;
				GCC_WARN_ABOUT_MISSING_PROTOTYPES = YES;
				GCC_WARN_ABOUT_RETURN_TYPE = YES;
				GCC_WARN_UNUSED_VARIABLE = YES;
				IPHONEOS_DEPLOYMENT_TARGET = 5.0;
				SDKROOT = iphoneos;
			};
			name = Debug;
		};
		FC73EECE151B0FD000521449 /* Release */ = {
			isa = XCBuildConfiguration;
			buildSettings = {
				ALWAYS_SEARCH_USER_PATHS = NO;
				ARCHS = "$(ARCHS_STANDARD_32_BIT)";
				CLANG_ENABLE_OBJC_ARC = YES;
				"CODE_SIGN_IDENTITY[sdk=iphoneos*]" = "iPhone Developer";
				COPY_PHASE_STRIP = YES;
				GCC_C_LANGUAGE_STANDARD = gnu99;
				GCC_VERSION = com.apple.compilers.llvm.clang.1_0;
				GCC_WARN_ABOUT_MISSING_PROTOTYPES = YES;
				GCC_WARN_ABOUT_RETURN_TYPE = YES;
				GCC_WARN_UNUSED_VARIABLE = YES;
				IPHONEOS_DEPLOYMENT_TARGET = 5.0;
				OTHER_CFLAGS = "-DNS_BLOCK_ASSERTIONS=1";
				SDKROOT = iphoneos;
				VALIDATE_PRODUCT = YES;
			};
			name = Release;
		};
		FC73EED0151B0FD000521449 /* Debug */ = {
			isa = XCBuildConfiguration;
			buildSettings = {
				GCC_PRECOMPILE_PREFIX_HEADER = YES;
				GCC_PREFIX_HEADER = "TestBackup/TestBackup-Prefix.pch";
				INFOPLIST_FILE = "TestBackup/TestBackup-Info.plist";
				PRODUCT_NAME = "$(TARGET_NAME)";
				WRAPPER_EXTENSION = app;
			};
			name = Debug;
		};
		FC73EED1151B0FD000521449 /* Release */ = {
			isa = XCBuildConfiguration;
			buildSettings = {
				GCC_PRECOMPILE_PREFIX_HEADER = YES;
				GCC_PREFIX_HEADER = "TestBackup/TestBackup-Prefix.pch";
				INFOPLIST_FILE = "TestBackup/TestBackup-Info.plist";
				PRODUCT_NAME = "$(TARGET_NAME)";
				WRAPPER_EXTENSION = app;
			};
			name = Release;
		};
/* End XCBuildConfiguration section */

/* Begin XCConfigurationList section */
		FC73EEAB151B0FCE00521449 /* Build configuration list for PBXProject "TestBackup" */ = {
			isa = XCConfigurationList;
			buildConfigurations = (
				FC73EECD151B0FD000521449 /* Debug */,
				FC73EECE151B0FD000521449 /* Release */,
			);
			defaultConfigurationIsVisible = 0;
			defaultConfigurationName = Release;
		};
		FC73EECF151B0FD000521449 /* Build configuration list for PBXNativeTarget "TestBackup" */ = {
			isa = XCConfigurationList;
			buildConfigurations = (
				FC73EED0151B0FD000521449 /* Debug */,
				FC73EED1151B0FD000521449 /* Release */,
			);
			defaultConfigurationIsVisible = 0;
		};
/* End XCConfigurationList section */
	};
	rootObject = FC73EEA8151B0FCE00521449 /* Project object */;
}
